
Microsoft Visual Studio Solution File, Format Version 12.00
# Visual Studio Version 17
VisualStudioVersion = 17.13.35806.99 d17.13
MinimumVisualStudioVersion = 10.0.40219.1
Project("{FAE04EC0-301F-11D3-BF4B-00C04F79EFBC}") = "H_PatientManagementSystem", "H_PatientManagementSystem\H_PatientManagementSystem.csproj", "{706A78D5-34F0-403E-8090-8E8041C3B0AA}"
EndProject
Global
	GlobalSection(SolutionConfigurationPlatforms) = preSolution
		Debug|Any CPU = Debug|Any CPU
		Release|Any CPU = Release|Any CPU
	EndGlobalSection
	GlobalSection(ProjectConfigurationPlatforms) = postSolution
		{706A78D5-34F0-403E-8090-8E8041C3B0AA}.Debug|Any CPU.ActiveCfg = Debug|Any CPU
		{706A78D5-34F0-403E-8090-8E8041C3B0AA}.Debug|Any CPU.Build.0 = Debug|Any CPU
		{706A78D5-34F0-403E-8090-8E8041C3B0AA}.Release|Any CPU.ActiveCfg = Release|Any CPU
		{706A78D5-34F0-403E-8090-8E8041C3B0AA}.Release|Any CPU.Build.0 = Release|Any CPU
	EndGlobalSection
	GlobalSection(SolutionProperties) = preSolution
		HideSolutionNode = FALSE
	EndGlobalSection
	GlobalSection(ExtensibilityGlobals) = postSolution
		SolutionGuid = {0345F4B8-DD99-4F11-BB75-7C6907C4194B}
	EndGlobalSection
EndGlobal
